
Microsoft Visual Studio Solution File, Format Version 12.00
# Visual Studio Version 17
VisualStudioVersion = 17.4.33213.308
MinimumVisualStudioVersion = 10.0.40219.1
Project("{9A19103F-16F7-4668-BE54-9A1E7A4F7556}") = "PRN221_Project", "PRN221_Project\PRN221_Project.csproj", "{1FAA9DD4-1AD8-4471-AE41-2E272F6E80E7}"
EndProject
Global
	GlobalSection(SolutionConfigurationPlatforms) = preSolution
		Debug|Any CPU = Debug|Any CPU
		Release|Any CPU = Release|Any CPU
	EndGlobalSection
	GlobalSection(ProjectConfigurationPlatforms) = postSolution
		{1FAA9DD4-1AD8-4471-AE41-2E272F6E80E7}.Debug|Any CPU.ActiveCfg = Debug|Any CPU
		{1FAA9DD4-1AD8-4471-AE41-2E272F6E80E7}.Debug|Any CPU.Build.0 = Debug|Any CPU
		{1FAA9DD4-1AD8-4471-AE41-2E272F6E80E7}.Release|Any CPU.ActiveCfg = Release|Any CPU
		{1FAA9DD4-1AD8-4471-AE41-2E272F6E80E7}.Release|Any CPU.Build.0 = Release|Any CPU
	EndGlobalSection
	GlobalSection(SolutionProperties) = preSolution
		HideSolutionNode = FALSE
	EndGlobalSection
	GlobalSection(ExtensibilityGlobals) = postSolution
		SolutionGuid = {DD438152-AD81-437A-BFCC-18DE812AD0B6}
	EndGlobalSection
EndGlobal
